
Microsoft Visual Studio Solution File, Format Version 12.00
# Visual Studio Version 16
VisualStudioVersion = 16.0.31129.286
MinimumVisualStudioVersion = 10.0.40219.1
Project("{FAE04EC0-301F-11D3-BF4B-00C04F79EFBC}") = "WebApplication1", "WebApplication1\WebApplication1.csproj", "{98F4EB45-840A-4B6D-BE92-F9890AD7D579}"
EndProject
Global
	GlobalSection(SolutionConfigurationPlatforms) = preSolution
		Debug|Any CPU = Debug|Any CPU
		Release|Any CPU = Release|Any CPU
	EndGlobalSection
	GlobalSection(ProjectConfigurationPlatforms) = postSolution
		{98F4EB45-840A-4B6D-BE92-F9890AD7D579}.Debug|Any CPU.ActiveCfg = Debug|Any CPU
		{98F4EB45-840A-4B6D-BE92-F9890AD7D579}.Debug|Any CPU.Build.0 = Debug|Any CPU
		{98F4EB45-840A-4B6D-BE92-F9890AD7D579}.Release|Any CPU.ActiveCfg = Release|Any CPU
		{98F4EB45-840A-4B6D-BE92-F9890AD7D579}.Release|Any CPU.Build.0 = Release|Any CPU
	EndGlobalSection
	GlobalSection(SolutionProperties) = preSolution
		HideSolutionNode = FALSE
	EndGlobalSection
	GlobalSection(ExtensibilityGlobals) = postSolution
		SolutionGuid = {487D4A6C-2FAB-4410-96AB-BFA2EA8F912D}
	EndGlobalSection
EndGlobal
